// !$*UTF8*$!
{
	archiveVersion = 1;
	classes = {
	};
	objectVersion = 46;
	objects = {

/* Begin PBXBuildFile section */
		163033F71580ECC60052F434 /* UIKit.framework in Frameworks */ = {isa = PBXBuildFile; fileRef = 163033F61580ECC60052F434 /* UIKit.framework */; };
		163033F91580ECC60052F434 /* Foundation.framework in Frameworks */ = {isa = PBXBuildFile; fileRef = 163033F81580ECC60052F434 /* Foundation.framework */; };
		163033FB1580ECC60052F434 /* CoreGraphics.framework in Frameworks */ = {isa = PBXBuildFile; fileRef = 163033FA1580ECC60052F434 /* CoreGraphics.framework */; };
		163034011580ECC60052F434 /* InfoPlist.strings in Resources */ = {isa = PBXBuildFile; fileRef = 163033FF1580ECC60052F434 /* InfoPlist.strings */; };
		163034031580ECC60052F434 /* main.m in Sources */ = {isa = PBXBuildFile; fileRef = 163034021580ECC60052F434 /* main.m */; };
		163034071580ECC60052F434 /* WhereamiAppDelegate.m in Sources */ = {isa = PBXBuildFile; fileRef = 163034061580ECC60052F434 /* WhereamiAppDelegate.m */; };
		1630340A1580ECC60052F434 /* WhereamiViewController.m in Sources */ = {isa = PBXBuildFile; fileRef = 163034091580ECC60052F434 /* WhereamiViewController.m */; };
		1630340D1580ECC70052F434 /* WhereamiViewController.xib in Resources */ = {isa = PBXBuildFile; fileRef = 1630340B1580ECC70052F434 /* WhereamiViewController.xib */; };
		163034141580F1E40052F434 /* CoreLocation.framework in Frameworks */ = {isa = PBXBuildFile; fileRef = 163034131580F1E40052F434 /* CoreLocation.framework */; };
/* End PBXBuildFile section */

/* Begin PBXFileReference section */
		163033F21580ECC60052F434 /* Whereami.app */ = {isa = PBXFileReference; explicitFileType = wrapper.application; includeInIndex = 0; path = Whereami.app; sourceTree = BUILT_PRODUCTS_DIR; };
		163033F61580ECC60052F434 /* UIKit.framework */ = {isa = PBXFileReference; lastKnownFileType = wrapper.framework; name = UIKit.framework; path = System/Library/Frameworks/UIKit.framework; sourceTree = SDKROOT; };
		163033F81580ECC60052F434 /* Foundation.framework */ = {isa = PBXFileReference; lastKnownFileType = wrapper.framework; name = Foundation.framework; path = System/Library/Frameworks/Foundation.framework; sourceTree = SDKROOT; };
		163033FA1580ECC60052F434 /* CoreGraphics.framework */ = {isa = PBXFileReference; lastKnownFileType = wrapper.framework; name = CoreGraphics.framework; path = System/Library/Frameworks/CoreGraphics.framework; sourceTree = SDKROOT; };
		163033FE1580ECC60052F434 /* Whereami-Info.plist */ = {isa = PBXFileReference; lastKnownFileType = text.plist.xml; path = "Whereami-Info.plist"; sourceTree = "<group>"; };
		163034001580ECC60052F434 /* en */ = {isa = PBXFileReference; lastKnownFileType = text.plist.strings; name = en; path = en.lproj/InfoPlist.strings; sourceTree = "<group>"; };
		163034021580ECC60052F434 /* main.m */ = {isa = PBXFileReference; lastKnownFileType = sourcecode.c.objc; path = main.m; sourceTree = "<group>"; };
		163034041580ECC60052F434 /* Whereami-Prefix.pch */ = {isa = PBXFileReference; lastKnownFileType = sourcecode.c.h; path = "Whereami-Prefix.pch"; sourceTree = "<group>"; };
		163034051580ECC60052F434 /* WhereamiAppDelegate.h */ = {isa = PBXFileReference; lastKnownFileType = sourcecode.c.h; path = WhereamiAppDelegate.h; sourceTree = "<group>"; };
		163034061580ECC60052F434 /* WhereamiAppDelegate.m */ = {isa = PBXFileReference; lastKnownFileType = sourcecode.c.objc; path = WhereamiAppDelegate.m; sourceTree = "<group>"; };
		163034081580ECC60052F434 /* WhereamiViewController.h */ = {isa = PBXFileReference; lastKnownFileType = sourcecode.c.h; path = WhereamiViewController.h; sourceTree = "<group>"; };
		163034091580ECC60052F434 /* WhereamiViewController.m */ = {isa = PBXFileReference; lastKnownFileType = sourcecode.c.objc; path = WhereamiViewController.m; sourceTree = "<group>"; };
		1630340C1580ECC70052F434 /* en */ = {isa = PBXFileReference; lastKnownFileType = file.xib; name = en; path = en.lproj/WhereamiViewController.xib; sourceTree = "<group>"; };
		163034131580F1E40052F434 /* CoreLocation.framework */ = {isa = PBXFileReference; lastKnownFileType = wrapper.framework; name = CoreLocation.framework; path = System/Library/Frameworks/CoreLocation.framework; sourceTree = SDKROOT; };
/* End PBXFileReference section */

/* Begin PBXFrameworksBuildPhase section */
		163033EF1580ECC60052F434 /* Frameworks */ = {
			isa = PBXFrameworksBuildPhase;
			buildActionMask = 2147483647;
			files = (
				163034141580F1E40052F434 /* CoreLocation.framework in Frameworks */,
				163033F71580ECC60052F434 /* UIKit.framework in Frameworks */,
				163033F91580ECC60052F434 /* Foundation.framework in Frameworks */,
				163033FB1580ECC60052F434 /* CoreGraphics.framework in Frameworks */,
			);
			runOnlyForDeploymentPostprocessing = 0;
		};
/* End PBXFrameworksBuildPhase section */

/* Begin PBXGroup section */
		163033E71580ECC60052F434 = {
			isa = PBXGroup;
			children = (
				163033FC1580ECC60052F434 /* Whereami */,
				163033F51580ECC60052F434 /* Frameworks */,
				163033F31580ECC60052F434 /* Products */,
			);
			sourceTree = "<group>";
		};
		163033F31580ECC60052F434 /* Products */ = {
			isa = PBXGroup;
			children = (
				163033F21580ECC60052F434 /* Whereami.app */,
			);
			name = Products;
			sourceTree = "<group>";
		};
		163033F51580ECC60052F434 /* Frameworks */ = {
			isa = PBXGroup;
			children = (
				163034131580F1E40052F434 /* CoreLocation.framework */,
				163033F61580ECC60052F434 /* UIKit.framework */,
				163033F81580ECC60052F434 /* Foundation.framework */,
				163033FA1580ECC60052F434 /* CoreGraphics.framework */,
			);
			name = Frameworks;
			sourceTree = "<group>";
		};
		163033FC1580ECC60052F434 /* Whereami */ = {
			isa = PBXGroup;
			children = (
				163034051580ECC60052F434 /* WhereamiAppDelegate.h */,
				163034061580ECC60052F434 /* WhereamiAppDelegate.m */,
				163034081580ECC60052F434 /* WhereamiViewController.h */,
				163034091580ECC60052F434 /* WhereamiViewController.m */,
				1630340B1580ECC70052F434 /* WhereamiViewController.xib */,
				163033FD1580ECC60052F434 /* Supporting Files */,
			);
			path = Whereami;
			sourceTree = "<group>";
		};
		163033FD1580ECC60052F434 /* Supporting Files */ = {
			isa = PBXGroup;
			children = (
				163033FE1580ECC60052F434 /* Whereami-Info.plist */,
				163033FF1580ECC60052F434 /* InfoPlist.strings */,
				163034021580ECC60052F434 /* main.m */,
				163034041580ECC60052F434 /* Whereami-Prefix.pch */,
			);
			name = "Supporting Files";
			sourceTree = "<group>";
		};
/* End PBXGroup section */

/* Begin PBXNativeTarget section */
		163033F11580ECC60052F434 /* Whereami */ = {
			isa = PBXNativeTarget;
			buildConfigurationList = 163034101580ECC70052F434 /* Build configuration list for PBXNativeTarget "Whereami" */;
			buildPhases = (
				163033EE1580ECC60052F434 /* Sources */,
				163033EF1580ECC60052F434 /* Frameworks */,
				163033F01580ECC60052F434 /* Resources */,
			);
			buildRules = (
			);
			dependencies = (
			);
			name = Whereami;
			productName = Whereami;
			productReference = 163033F21580ECC60052F434 /* Whereami.app */;
			productType = "com.apple.product-type.application";
		};
/* End PBXNativeTarget section */

/* Begin PBXProject section */
		163033E91580ECC60052F434 /* Project object */ = {
			isa = PBXProject;
			attributes = {
				CLASSPREFIX = Whereami;
				LastUpgradeCheck = 0430;
			};
			buildConfigurationList = 163033EC1580ECC60052F434 /* Build configuration list for PBXProject "Whereami" */;
			compatibilityVersion = "Xcode 3.2";
			developmentRegion = English;
			hasScannedForEncodings = 0;
			knownRegions = (
				en,
			);
			mainGroup = 163033E71580ECC60052F434;
			productRefGroup = 163033F31580ECC60052F434 /* Products */;
			projectDirPath = "";
			projectRoot = "";
			targets = (
				163033F11580ECC60052F434 /* Whereami */,
			);
		};
/* End PBXProject section */

/* Begin PBXResourcesBuildPhase section */
		163033F01580ECC60052F434 /* Resources */ = {
			isa = PBXResourcesBuildPhase;
			buildActionMask = 2147483647;
			files = (
				163034011580ECC60052F434 /* InfoPlist.strings in Resources */,
				1630340D1580ECC70052F434 /* WhereamiViewController.xib in Resources */,
			);
			runOnlyForDeploymentPostprocessing = 0;
		};
/* End PBXResourcesBuildPhase section */

/* Begin PBXSourcesBuildPhase section */
		163033EE1580ECC60052F434 /* Sources */ = {
			isa = PBXSourcesBuildPhase;
			buildActionMask = 2147483647;
			files = (
				163034031580ECC60052F434 /* main.m in Sources */,
				163034071580ECC60052F434 /* WhereamiAppDelegate.m in Sources */,
				1630340A1580ECC60052F434 /* WhereamiViewController.m in Sources */,
			);
			runOnlyForDeploymentPostprocessing = 0;
		};
/* End PBXSourcesBuildPhase section */

/* Begin PBXVariantGroup section */
		163033FF1580ECC60052F434 /* InfoPlist.strings */ = {
			isa = PBXVariantGroup;
			children = (
				163034001580ECC60052F434 /* en */,
			);
			name = InfoPlist.strings;
			sourceTree = "<group>";
		};
		1630340B1580ECC70052F434 /* WhereamiViewController.xib */ = {
			isa = PBXVariantGroup;
			children = (
				1630340C1580ECC70052F434 /* en */,
			);
			name = WhereamiViewController.xib;
			sourceTree = "<group>";
		};
/* End PBXVariantGroup section */

/* Begin XCBuildConfiguration section */
		1630340E1580ECC70052F434 /* Debug */ = {
			isa = XCBuildConfiguration;
			buildSettings = {
				ALWAYS_SEARCH_USER_PATHS = NO;
				ARCHS = "$(ARCHS_STANDARD_32_BIT)";
				CLANG_ENABLE_OBJC_ARC = YES;
				"CODE_SIGN_IDENTITY[sdk=iphoneos*]" = "iPhone Developer";
				COPY_PHASE_STRIP = NO;
				GCC_C_LANGUAGE_STANDARD = gnu99;
				GCC_DYNAMIC_NO_PIC = NO;
				GCC_OPTIMIZATION_LEVEL = 0;
				GCC_PREPROCESSOR_DEFINITIONS = (
					"DEBUG=1",
					"$(inherited)",
				);
				GCC_SYMBOLS_PRIVATE_EXTERN = NO;
				GCC_VERSION = com.apple.compilers.llvm.clang.1_0;
				GCC_WARN_ABOUT_RETURN_TYPE = YES;
				GCC_WARN_UNINITIALIZED_AUTOS = YES;
				GCC_WARN_UNUSED_VARIABLE = YES;
				IPHONEOS_DEPLOYMENT_TARGET = 5.1;
				SDKROOT = iphoneos;
			};
			name = Debug;
		};
		1630340F1580ECC70052F434 /* Release */ = {
			isa = XCBuildConfiguration;
			buildSettings = {
				ALWAYS_SEARCH_USER_PATHS = NO;
				ARCHS = "$(ARCHS_STANDARD_32_BIT)";
				CLANG_ENABLE_OBJC_ARC = YES;
				"CODE_SIGN_IDENTITY[sdk=iphoneos*]" = "iPhone Developer";
				COPY_PHASE_STRIP = YES;
				GCC_C_LANGUAGE_STANDARD = gnu99;
				GCC_VERSION = com.apple.compilers.llvm.clang.1_0;
				GCC_WARN_ABOUT_RETURN_TYPE = YES;
				GCC_WARN_UNINITIALIZED_AUTOS = YES;
				GCC_WARN_UNUSED_VARIABLE = YES;
				IPHONEOS_DEPLOYMENT_TARGET = 5.1;
				OTHER_CFLAGS = "-DNS_BLOCK_ASSERTIONS=1";
				SDKROOT = iphoneos;
				VALIDATE_PRODUCT = YES;
			};
			name = Release;
		};
		163034111580ECC70052F434 /* Debug */ = {
			isa = XCBuildConfiguration;
			buildSettings = {
				GCC_PRECOMPILE_PREFIX_HEADER = YES;
				GCC_PREFIX_HEADER = "Whereami/Whereami-Prefix.pch";
				INFOPLIST_FILE = "Whereami/Whereami-Info.plist";
				PRODUCT_NAME = "$(TARGET_NAME)";
				WRAPPER_EXTENSION = app;
			};
			name = Debug;
		};
		163034121580ECC70052F434 /* Release */ = {
			isa = XCBuildConfiguration;
			buildSettings = {
				GCC_PRECOMPILE_PREFIX_HEADER = YES;
				GCC_PREFIX_HEADER = "Whereami/Whereami-Prefix.pch";
				INFOPLIST_FILE = "Whereami/Whereami-Info.plist";
				PRODUCT_NAME = "$(TARGET_NAME)";
				WRAPPER_EXTENSION = app;
			};
			name = Release;
		};
/* End XCBuildConfiguration section */

/* Begin XCConfigurationList section */
		163033EC1580ECC60052F434 /* Build configuration list for PBXProject "Whereami" */ = {
			isa = XCConfigurationList;
			buildConfigurations = (
				1630340E1580ECC70052F434 /* Debug */,
				1630340F1580ECC70052F434 /* Release */,
			);
			defaultConfigurationIsVisible = 0;
			defaultConfigurationName = Release;
		};
		163034101580ECC70052F434 /* Build configuration list for PBXNativeTarget "Whereami" */ = {
			isa = XCConfigurationList;
			buildConfigurations = (
				163034111580ECC70052F434 /* Debug */,
				163034121580ECC70052F434 /* Release */,
			);
			defaultConfigurationIsVisible = 0;
		};
/* End XCConfigurationList section */
	};
	rootObject = 163033E91580ECC60052F434 /* Project object */;
}
